
Microsoft Visual Studio Solution File, Format Version 12.00
# Visual Studio Version 16
VisualStudioVersion = 16.0.29020.237
MinimumVisualStudioVersion = 10.0.40219.1
Project("{9A19103F-16F7-4668-BE54-9A1E7A4F7556}") = "SecondAssignment", "SecondAssignment.csproj", "{581B09DD-03B4-49E4-AB9B-520F1E46C41D}"
EndProject
Global
	GlobalSection(SolutionConfigurationPlatforms) = preSolution
		Debug|Any CPU = Debug|Any CPU
		Release|Any CPU = Release|Any CPU
	EndGlobalSection
	GlobalSection(ProjectConfigurationPlatforms) = postSolution
		{581B09DD-03B4-49E4-AB9B-520F1E46C41D}.Debug|Any CPU.ActiveCfg = Debug|Any CPU
		{581B09DD-03B4-49E4-AB9B-520F1E46C41D}.Debug|Any CPU.Build.0 = Debug|Any CPU
		{581B09DD-03B4-49E4-AB9B-520F1E46C41D}.Release|Any CPU.ActiveCfg = Release|Any CPU
		{581B09DD-03B4-49E4-AB9B-520F1E46C41D}.Release|Any CPU.Build.0 = Release|Any CPU
	EndGlobalSection
	GlobalSection(SolutionProperties) = preSolution
		HideSolutionNode = FALSE
	EndGlobalSection
	GlobalSection(ExtensibilityGlobals) = postSolution
		SolutionGuid = {AB70F9F4-5E06-463E-B013-CB5F9F670021}
	EndGlobalSection
EndGlobal
